
Microsoft Visual Studio Solution File, Format Version 12.00
# Visual Studio Version 16
VisualStudioVersion = 16.0.28803.352
MinimumVisualStudioVersion = 10.0.40219.1
Project("{FAE04EC0-301F-11D3-BF4B-00C04F79EFBC}") = "Task_1", "Task_1\Task_1.csproj", "{811F284D-D3DC-47F9-962C-DB48265BC60D}"
EndProject
Global
	GlobalSection(SolutionConfigurationPlatforms) = preSolution
		Debug|Any CPU = Debug|Any CPU
		Release|Any CPU = Release|Any CPU
	EndGlobalSection
	GlobalSection(ProjectConfigurationPlatforms) = postSolution
		{811F284D-D3DC-47F9-962C-DB48265BC60D}.Debug|Any CPU.ActiveCfg = Debug|Any CPU
		{811F284D-D3DC-47F9-962C-DB48265BC60D}.Debug|Any CPU.Build.0 = Debug|Any CPU
		{811F284D-D3DC-47F9-962C-DB48265BC60D}.Release|Any CPU.ActiveCfg = Release|Any CPU
		{811F284D-D3DC-47F9-962C-DB48265BC60D}.Release|Any CPU.Build.0 = Release|Any CPU
	EndGlobalSection
	GlobalSection(SolutionProperties) = preSolution
		HideSolutionNode = FALSE
	EndGlobalSection
	GlobalSection(ExtensibilityGlobals) = postSolution
		SolutionGuid = {259A42EE-C149-4F72-8CCD-ED02F20BF365}
	EndGlobalSection
EndGlobal
